// !$*UTF8*$!
{
	archiveVersion = 1;
	classes = {
	};
	objectVersion = 46;
	objects = {

/* Begin PBXBuildFile section */
		2CDD5B9F19AB952900E3B8FF /* Foundation.framework in Frameworks */ = {isa = PBXBuildFile; fileRef = 2CDD5B9E19AB952900E3B8FF /* Foundation.framework */; };
		2CDD5BA119AB952900E3B8FF /* CoreGraphics.framework in Frameworks */ = {isa = PBXBuildFile; fileRef = 2CDD5BA019AB952900E3B8FF /* CoreGraphics.framework */; };
		2CDD5BA319AB952900E3B8FF /* UIKit.framework in Frameworks */ = {isa = PBXBuildFile; fileRef = 2CDD5BA219AB952900E3B8FF /* UIKit.framework */; };
		2CDD5BA919AB952900E3B8FF /* InfoPlist.strings in Resources */ = {isa = PBXBuildFile; fileRef = 2CDD5BA719AB952900E3B8FF /* InfoPlist.strings */; };
		2CDD5BAB19AB952900E3B8FF /* main.m in Sources */ = {isa = PBXBuildFile; fileRef = 2CDD5BAA19AB952900E3B8FF /* main.m */; };
		2CDD5BAF19AB952900E3B8FF /* AppDelegate.m in Sources */ = {isa = PBXBuildFile; fileRef = 2CDD5BAE19AB952900E3B8FF /* AppDelegate.m */; };
		2CDD5BB119AB952900E3B8FF /* Images.xcassets in Resources */ = {isa = PBXBuildFile; fileRef = 2CDD5BB019AB952900E3B8FF /* Images.xcassets */; };
		2CDD5BB819AB952900E3B8FF /* XCTest.framework in Frameworks */ = {isa = PBXBuildFile; fileRef = 2CDD5BB719AB952900E3B8FF /* XCTest.framework */; };
		2CDD5BB919AB952900E3B8FF /* Foundation.framework in Frameworks */ = {isa = PBXBuildFile; fileRef = 2CDD5B9E19AB952900E3B8FF /* Foundation.framework */; };
		2CDD5BBA19AB952900E3B8FF /* UIKit.framework in Frameworks */ = {isa = PBXBuildFile; fileRef = 2CDD5BA219AB952900E3B8FF /* UIKit.framework */; };
		2CDD5BC219AB952900E3B8FF /* InfoPlist.strings in Resources */ = {isa = PBXBuildFile; fileRef = 2CDD5BC019AB952900E3B8FF /* InfoPlist.strings */; };
		2CDD5BC419AB952900E3B8FF /* AdoptAFriendTests.m in Sources */ = {isa = PBXBuildFile; fileRef = 2CDD5BC319AB952900E3B8FF /* AdoptAFriendTests.m */; };
		2CDD5BCE19AB953A00E3B8FF /* Main.storyboard in Resources */ = {isa = PBXBuildFile; fileRef = 2CDD5BCD19AB953A00E3B8FF /* Main.storyboard */; };
		2CDD5BD119AB95B800E3B8FF /* FeedViewController.m in Sources */ = {isa = PBXBuildFile; fileRef = 2CDD5BD019AB95B800E3B8FF /* FeedViewController.m */; };
		2CDD5BDD19AB9CE100E3B8FF /* TPKeyboardAvoidingCollectionView.m in Sources */ = {isa = PBXBuildFile; fileRef = 2CDD5BD619AB9CE100E3B8FF /* TPKeyboardAvoidingCollectionView.m */; };
		2CDD5BDE19AB9CE100E3B8FF /* TPKeyboardAvoidingScrollView.m in Sources */ = {isa = PBXBuildFile; fileRef = 2CDD5BD819AB9CE100E3B8FF /* TPKeyboardAvoidingScrollView.m */; };
		2CDD5BDF19AB9CE100E3B8FF /* TPKeyboardAvoidingTableView.m in Sources */ = {isa = PBXBuildFile; fileRef = 2CDD5BDA19AB9CE100E3B8FF /* TPKeyboardAvoidingTableView.m */; };
		2CDD5BE019AB9CE100E3B8FF /* UIScrollView+TPKeyboardAvoidingAdditions.m in Sources */ = {isa = PBXBuildFile; fileRef = 2CDD5BDC19AB9CE100E3B8FF /* UIScrollView+TPKeyboardAvoidingAdditions.m */; };
/* End PBXBuildFile section */

/* Begin PBXContainerItemProxy section */
		2CDD5BBB19AB952900E3B8FF /* PBXContainerItemProxy */ = {
			isa = PBXContainerItemProxy;
			containerPortal = 2CDD5B9319AB952900E3B8FF /* Project object */;
			proxyType = 1;
			remoteGlobalIDString = 2CDD5B9A19AB952900E3B8FF;
			remoteInfo = AdoptAFriend;
		};
/* End PBXContainerItemProxy section */

/* Begin PBXFileReference section */
		2CDD5B9B19AB952900E3B8FF /* AdoptAFriend.app */ = {isa = PBXFileReference; explicitFileType = wrapper.application; includeInIndex = 0; path = AdoptAFriend.app; sourceTree = BUILT_PRODUCTS_DIR; };
		2CDD5B9E19AB952900E3B8FF /* Foundation.framework */ = {isa = PBXFileReference; lastKnownFileType = wrapper.framework; name = Foundation.framework; path = System/Library/Frameworks/Foundation.framework; sourceTree = SDKROOT; };
		2CDD5BA019AB952900E3B8FF /* CoreGraphics.framework */ = {isa = PBXFileReference; lastKnownFileType = wrapper.framework; name = CoreGraphics.framework; path = System/Library/Frameworks/CoreGraphics.framework; sourceTree = SDKROOT; };
		2CDD5BA219AB952900E3B8FF /* UIKit.framework */ = {isa = PBXFileReference; lastKnownFileType = wrapper.framework; name = UIKit.framework; path = System/Library/Frameworks/UIKit.framework; sourceTree = SDKROOT; };
		2CDD5BA619AB952900E3B8FF /* AdoptAFriend-Info.plist */ = {isa = PBXFileReference; lastKnownFileType = text.plist.xml; path = "AdoptAFriend-Info.plist"; sourceTree = "<group>"; };
		2CDD5BA819AB952900E3B8FF /* en */ = {isa = PBXFileReference; lastKnownFileType = text.plist.strings; name = en; path = en.lproj/InfoPlist.strings; sourceTree = "<group>"; };
		2CDD5BAA19AB952900E3B8FF /* main.m */ = {isa = PBXFileReference; lastKnownFileType = sourcecode.c.objc; path = main.m; sourceTree = "<group>"; };
		2CDD5BAC19AB952900E3B8FF /* AdoptAFriend-Prefix.pch */ = {isa = PBXFileReference; lastKnownFileType = sourcecode.c.h; path = "AdoptAFriend-Prefix.pch"; sourceTree = "<group>"; };
		2CDD5BAD19AB952900E3B8FF /* AppDelegate.h */ = {isa = PBXFileReference; lastKnownFileType = sourcecode.c.h; path = AppDelegate.h; sourceTree = "<group>"; };
		2CDD5BAE19AB952900E3B8FF /* AppDelegate.m */ = {isa = PBXFileReference; lastKnownFileType = sourcecode.c.objc; path = AppDelegate.m; sourceTree = "<group>"; };
		2CDD5BB019AB952900E3B8FF /* Images.xcassets */ = {isa = PBXFileReference; lastKnownFileType = folder.assetcatalog; path = Images.xcassets; sourceTree = "<group>"; };
		2CDD5BB619AB952900E3B8FF /* AdoptAFriendTests.xctest */ = {isa = PBXFileReference; explicitFileType = wrapper.cfbundle; includeInIndex = 0; path = AdoptAFriendTests.xctest; sourceTree = BUILT_PRODUCTS_DIR; };
		2CDD5BB719AB952900E3B8FF /* XCTest.framework */ = {isa = PBXFileReference; lastKnownFileType = wrapper.framework; name = XCTest.framework; path = Library/Frameworks/XCTest.framework; sourceTree = DEVELOPER_DIR; };
		2CDD5BBF19AB952900E3B8FF /* AdoptAFriendTests-Info.plist */ = {isa = PBXFileReference; lastKnownFileType = text.plist.xml; path = "AdoptAFriendTests-Info.plist"; sourceTree = "<group>"; };
		2CDD5BC119AB952900E3B8FF /* en */ = {isa = PBXFileReference; lastKnownFileType = text.plist.strings; name = en; path = en.lproj/InfoPlist.strings; sourceTree = "<group>"; };
		2CDD5BC319AB952900E3B8FF /* AdoptAFriendTests.m */ = {isa = PBXFileReference; lastKnownFileType = sourcecode.c.objc; path = AdoptAFriendTests.m; sourceTree = "<group>"; };
		2CDD5BCD19AB953A00E3B8FF /* Main.storyboard */ = {isa = PBXFileReference; fileEncoding = 4; lastKnownFileType = file.storyboard; path = Main.storyboard; sourceTree = "<group>"; };
		2CDD5BCF19AB95B800E3B8FF /* FeedViewController.h */ = {isa = PBXFileReference; fileEncoding = 4; lastKnownFileType = sourcecode.c.h; path = FeedViewController.h; sourceTree = "<group>"; };
		2CDD5BD019AB95B800E3B8FF /* FeedViewController.m */ = {isa = PBXFileReference; fileEncoding = 4; lastKnownFileType = sourcecode.c.objc; path = FeedViewController.m; sourceTree = "<group>"; };
		2CDD5BD519AB9CE100E3B8FF /* TPKeyboardAvoidingCollectionView.h */ = {isa = PBXFileReference; fileEncoding = 4; lastKnownFileType = sourcecode.c.h; path = TPKeyboardAvoidingCollectionView.h; sourceTree = "<group>"; };
		2CDD5BD619AB9CE100E3B8FF /* TPKeyboardAvoidingCollectionView.m */ = {isa = PBXFileReference; fileEncoding = 4; lastKnownFileType = sourcecode.c.objc; path = TPKeyboardAvoidingCollectionView.m; sourceTree = "<group>"; };
		2CDD5BD719AB9CE100E3B8FF /* TPKeyboardAvoidingScrollView.h */ = {isa = PBXFileReference; fileEncoding = 4; lastKnownFileType = sourcecode.c.h; path = TPKeyboardAvoidingScrollView.h; sourceTree = "<group>"; };
		2CDD5BD819AB9CE100E3B8FF /* TPKeyboardAvoidingScrollView.m */ = {isa = PBXFileReference; fileEncoding = 4; lastKnownFileType = sourcecode.c.objc; path = TPKeyboardAvoidingScrollView.m; sourceTree = "<group>"; };
		2CDD5BD919AB9CE100E3B8FF /* TPKeyboardAvoidingTableView.h */ = {isa = PBXFileReference; fileEncoding = 4; lastKnownFileType = sourcecode.c.h; path = TPKeyboardAvoidingTableView.h; sourceTree = "<group>"; };
		2CDD5BDA19AB9CE100E3B8FF /* TPKeyboardAvoidingTableView.m */ = {isa = PBXFileReference; fileEncoding = 4; lastKnownFileType = sourcecode.c.objc; path = TPKeyboardAvoidingTableView.m; sourceTree = "<group>"; };
		2CDD5BDB19AB9CE100E3B8FF /* UIScrollView+TPKeyboardAvoidingAdditions.h */ = {isa = PBXFileReference; fileEncoding = 4; lastKnownFileType = sourcecode.c.h; path = "UIScrollView+TPKeyboardAvoidingAdditions.h"; sourceTree = "<group>"; };
		2CDD5BDC19AB9CE100E3B8FF /* UIScrollView+TPKeyboardAvoidingAdditions.m */ = {isa = PBXFileReference; fileEncoding = 4; lastKnownFileType = sourcecode.c.objc; path = "UIScrollView+TPKeyboardAvoidingAdditions.m"; sourceTree = "<group>"; };
/* End PBXFileReference section */

/* Begin PBXFrameworksBuildPhase section */
		2CDD5B9819AB952900E3B8FF /* Frameworks */ = {
			isa = PBXFrameworksBuildPhase;
			buildActionMask = 2147483647;
			files = (
				2CDD5BA119AB952900E3B8FF /* CoreGraphics.framework in Frameworks */,
				2CDD5BA319AB952900E3B8FF /* UIKit.framework in Frameworks */,
				2CDD5B9F19AB952900E3B8FF /* Foundation.framework in Frameworks */,
			);
			runOnlyForDeploymentPostprocessing = 0;
		};
		2CDD5BB319AB952900E3B8FF /* Frameworks */ = {
			isa = PBXFrameworksBuildPhase;
			buildActionMask = 2147483647;
			files = (
				2CDD5BB819AB952900E3B8FF /* XCTest.framework in Frameworks */,
				2CDD5BBA19AB952900E3B8FF /* UIKit.framework in Frameworks */,
				2CDD5BB919AB952900E3B8FF /* Foundation.framework in Frameworks */,
			);
			runOnlyForDeploymentPostprocessing = 0;
		};
/* End PBXFrameworksBuildPhase section */

/* Begin PBXGroup section */
		2CDD5B9219AB952900E3B8FF = {
			isa = PBXGroup;
			children = (
				2CDD5BA419AB952900E3B8FF /* AdoptAFriend */,
				2CDD5BBD19AB952900E3B8FF /* AdoptAFriendTests */,
				2CDD5B9D19AB952900E3B8FF /* Frameworks */,
				2CDD5B9C19AB952900E3B8FF /* Products */,
			);
			sourceTree = "<group>";
		};
		2CDD5B9C19AB952900E3B8FF /* Products */ = {
			isa = PBXGroup;
			children = (
				2CDD5B9B19AB952900E3B8FF /* AdoptAFriend.app */,
				2CDD5BB619AB952900E3B8FF /* AdoptAFriendTests.xctest */,
			);
			name = Products;
			sourceTree = "<group>";
		};
		2CDD5B9D19AB952900E3B8FF /* Frameworks */ = {
			isa = PBXGroup;
			children = (
				2CDD5B9E19AB952900E3B8FF /* Foundation.framework */,
				2CDD5BA019AB952900E3B8FF /* CoreGraphics.framework */,
				2CDD5BA219AB952900E3B8FF /* UIKit.framework */,
				2CDD5BB719AB952900E3B8FF /* XCTest.framework */,
			);
			name = Frameworks;
			sourceTree = "<group>";
		};
		2CDD5BA419AB952900E3B8FF /* AdoptAFriend */ = {
			isa = PBXGroup;
			children = (
				2CDD5BCF19AB95B800E3B8FF /* FeedViewController.h */,
				2CDD5BD019AB95B800E3B8FF /* FeedViewController.m */,
				2CDD5BAD19AB952900E3B8FF /* AppDelegate.h */,
				2CDD5BAE19AB952900E3B8FF /* AppDelegate.m */,
				2CDD5BB019AB952900E3B8FF /* Images.xcassets */,
				2CDD5BCD19AB953A00E3B8FF /* Main.storyboard */,
				2CDD5BA519AB952900E3B8FF /* Supporting Files */,
			);
			path = AdoptAFriend;
			sourceTree = "<group>";
		};
		2CDD5BA519AB952900E3B8FF /* Supporting Files */ = {
			isa = PBXGroup;
			children = (
				2CDD5BD419AB9CE100E3B8FF /* TPKeyboardAvoiding */,
				2CDD5BA619AB952900E3B8FF /* AdoptAFriend-Info.plist */,
				2CDD5BA719AB952900E3B8FF /* InfoPlist.strings */,
				2CDD5BAA19AB952900E3B8FF /* main.m */,
				2CDD5BAC19AB952900E3B8FF /* AdoptAFriend-Prefix.pch */,
			);
			name = "Supporting Files";
			sourceTree = "<group>";
		};
		2CDD5BBD19AB952900E3B8FF /* AdoptAFriendTests */ = {
			isa = PBXGroup;
			children = (
				2CDD5BC319AB952900E3B8FF /* AdoptAFriendTests.m */,
				2CDD5BBE19AB952900E3B8FF /* Supporting Files */,
			);
			path = AdoptAFriendTests;
			sourceTree = "<group>";
		};
		2CDD5BBE19AB952900E3B8FF /* Supporting Files */ = {
			isa = PBXGroup;
			children = (
				2CDD5BBF19AB952900E3B8FF /* AdoptAFriendTests-Info.plist */,
				2CDD5BC019AB952900E3B8FF /* InfoPlist.strings */,
			);
			name = "Supporting Files";
			sourceTree = "<group>";
		};
		2CDD5BD419AB9CE100E3B8FF /* TPKeyboardAvoiding */ = {
			isa = PBXGroup;
			children = (
				2CDD5BD519AB9CE100E3B8FF /* TPKeyboardAvoidingCollectionView.h */,
				2CDD5BD619AB9CE100E3B8FF /* TPKeyboardAvoidingCollectionView.m */,
				2CDD5BD719AB9CE100E3B8FF /* TPKeyboardAvoidingScrollView.h */,
				2CDD5BD819AB9CE100E3B8FF /* TPKeyboardAvoidingScrollView.m */,
				2CDD5BD919AB9CE100E3B8FF /* TPKeyboardAvoidingTableView.h */,
				2CDD5BDA19AB9CE100E3B8FF /* TPKeyboardAvoidingTableView.m */,
				2CDD5BDB19AB9CE100E3B8FF /* UIScrollView+TPKeyboardAvoidingAdditions.h */,
				2CDD5BDC19AB9CE100E3B8FF /* UIScrollView+TPKeyboardAvoidingAdditions.m */,
			);
			path = TPKeyboardAvoiding;
			sourceTree = "<group>";
		};
/* End PBXGroup section */

/* Begin PBXNativeTarget section */
		2CDD5B9A19AB952900E3B8FF /* AdoptAFriend */ = {
			isa = PBXNativeTarget;
			buildConfigurationList = 2CDD5BC719AB952900E3B8FF /* Build configuration list for PBXNativeTarget "AdoptAFriend" */;
			buildPhases = (
				2CDD5B9719AB952900E3B8FF /* Sources */,
				2CDD5B9819AB952900E3B8FF /* Frameworks */,
				2CDD5B9919AB952900E3B8FF /* Resources */,
			);
			buildRules = (
			);
			dependencies = (
			);
			name = AdoptAFriend;
			productName = AdoptAFriend;
			productReference = 2CDD5B9B19AB952900E3B8FF /* AdoptAFriend.app */;
			productType = "com.apple.product-type.application";
		};
		2CDD5BB519AB952900E3B8FF /* AdoptAFriendTests */ = {
			isa = PBXNativeTarget;
			buildConfigurationList = 2CDD5BCA19AB952900E3B8FF /* Build configuration list for PBXNativeTarget "AdoptAFriendTests" */;
			buildPhases = (
				2CDD5BB219AB952900E3B8FF /* Sources */,
				2CDD5BB319AB952900E3B8FF /* Frameworks */,
				2CDD5BB419AB952900E3B8FF /* Resources */,
			);
			buildRules = (
			);
			dependencies = (
				2CDD5BBC19AB952900E3B8FF /* PBXTargetDependency */,
			);
			name = AdoptAFriendTests;
			productName = AdoptAFriendTests;
			productReference = 2CDD5BB619AB952900E3B8FF /* AdoptAFriendTests.xctest */;
			productType = "com.apple.product-type.bundle.unit-test";
		};
/* End PBXNativeTarget section */

/* Begin PBXProject section */
		2CDD5B9319AB952900E3B8FF /* Project object */ = {
			isa = PBXProject;
			attributes = {
				LastUpgradeCheck = 0510;
				ORGANIZATIONNAME = "Iván Mervich - Efrén Reyes";
				TargetAttributes = {
					2CDD5BB519AB952900E3B8FF = {
						TestTargetID = 2CDD5B9A19AB952900E3B8FF;
					};
				};
			};
			buildConfigurationList = 2CDD5B9619AB952900E3B8FF /* Build configuration list for PBXProject "AdoptAFriend" */;
			compatibilityVersion = "Xcode 3.2";
			developmentRegion = English;
			hasScannedForEncodings = 0;
			knownRegions = (
				en,
			);
			mainGroup = 2CDD5B9219AB952900E3B8FF;
			productRefGroup = 2CDD5B9C19AB952900E3B8FF /* Products */;
			projectDirPath = "";
			projectRoot = "";
			targets = (
				2CDD5B9A19AB952900E3B8FF /* AdoptAFriend */,
				2CDD5BB519AB952900E3B8FF /* AdoptAFriendTests */,
			);
		};
/* End PBXProject section */

/* Begin PBXResourcesBuildPhase section */
		2CDD5B9919AB952900E3B8FF /* Resources */ = {
			isa = PBXResourcesBuildPhase;
			buildActionMask = 2147483647;
			files = (
				2CDD5BCE19AB953A00E3B8FF /* Main.storyboard in Resources */,
				2CDD5BA919AB952900E3B8FF /* InfoPlist.strings in Resources */,
				2CDD5BB119AB952900E3B8FF /* Images.xcassets in Resources */,
			);
			runOnlyForDeploymentPostprocessing = 0;
		};
		2CDD5BB419AB952900E3B8FF /* Resources */ = {
			isa = PBXResourcesBuildPhase;
			buildActionMask = 2147483647;
			files = (
				2CDD5BC219AB952900E3B8FF /* InfoPlist.strings in Resources */,
			);
			runOnlyForDeploymentPostprocessing = 0;
		};
/* End PBXResourcesBuildPhase section */

/* Begin PBXSourcesBuildPhase section */
		2CDD5B9719AB952900E3B8FF /* Sources */ = {
			isa = PBXSourcesBuildPhase;
			buildActionMask = 2147483647;
			files = (
				2CDD5BAF19AB952900E3B8FF /* AppDelegate.m in Sources */,
				2CDD5BDE19AB9CE100E3B8FF /* TPKeyboardAvoidingScrollView.m in Sources */,
				2CDD5BD119AB95B800E3B8FF /* FeedViewController.m in Sources */,
				2CDD5BE019AB9CE100E3B8FF /* UIScrollView+TPKeyboardAvoidingAdditions.m in Sources */,
				2CDD5BDF19AB9CE100E3B8FF /* TPKeyboardAvoidingTableView.m in Sources */,
				2CDD5BDD19AB9CE100E3B8FF /* TPKeyboardAvoidingCollectionView.m in Sources */,
				2CDD5BAB19AB952900E3B8FF /* main.m in Sources */,
			);
			runOnlyForDeploymentPostprocessing = 0;
		};
		2CDD5BB219AB952900E3B8FF /* Sources */ = {
			isa = PBXSourcesBuildPhase;
			buildActionMask = 2147483647;
			files = (
				2CDD5BC419AB952900E3B8FF /* AdoptAFriendTests.m in Sources */,
			);
			runOnlyForDeploymentPostprocessing = 0;
		};
/* End PBXSourcesBuildPhase section */

/* Begin PBXTargetDependency section */
		2CDD5BBC19AB952900E3B8FF /* PBXTargetDependency */ = {
			isa = PBXTargetDependency;
			target = 2CDD5B9A19AB952900E3B8FF /* AdoptAFriend */;
			targetProxy = 2CDD5BBB19AB952900E3B8FF /* PBXContainerItemProxy */;
		};
/* End PBXTargetDependency section */

/* Begin PBXVariantGroup section */
		2CDD5BA719AB952900E3B8FF /* InfoPlist.strings */ = {
			isa = PBXVariantGroup;
			children = (
				2CDD5BA819AB952900E3B8FF /* en */,
			);
			name = InfoPlist.strings;
			sourceTree = "<group>";
		};
		2CDD5BC019AB952900E3B8FF /* InfoPlist.strings */ = {
			isa = PBXVariantGroup;
			children = (
				2CDD5BC119AB952900E3B8FF /* en */,
			);
			name = InfoPlist.strings;
			sourceTree = "<group>";
		};
/* End PBXVariantGroup section */

/* Begin XCBuildConfiguration section */
		2CDD5BC519AB952900E3B8FF /* Debug */ = {
			isa = XCBuildConfiguration;
			buildSettings = {
				ALWAYS_SEARCH_USER_PATHS = NO;
				CLANG_CXX_LANGUAGE_STANDARD = "gnu++0x";
				CLANG_CXX_LIBRARY = "libc++";
				CLANG_ENABLE_MODULES = YES;
				CLANG_ENABLE_OBJC_ARC = YES;
				CLANG_WARN_BOOL_CONVERSION = YES;
				CLANG_WARN_CONSTANT_CONVERSION = YES;
				CLANG_WARN_DIRECT_OBJC_ISA_USAGE = YES_ERROR;
				CLANG_WARN_EMPTY_BODY = YES;
				CLANG_WARN_ENUM_CONVERSION = YES;
				CLANG_WARN_INT_CONVERSION = YES;
				CLANG_WARN_OBJC_ROOT_CLASS = YES_ERROR;
				CLANG_WARN__DUPLICATE_METHOD_MATCH = YES;
				"CODE_SIGN_IDENTITY[sdk=iphoneos*]" = "iPhone Developer";
				COPY_PHASE_STRIP = NO;
				GCC_C_LANGUAGE_STANDARD = gnu99;
				GCC_DYNAMIC_NO_PIC = NO;
				GCC_OPTIMIZATION_LEVEL = 0;
				GCC_PREPROCESSOR_DEFINITIONS = (
					"DEBUG=1",
					"$(inherited)",
				);
				GCC_SYMBOLS_PRIVATE_EXTERN = NO;
				GCC_WARN_64_TO_32_BIT_CONVERSION = YES;
				GCC_WARN_ABOUT_RETURN_TYPE = YES_ERROR;
				GCC_WARN_UNDECLARED_SELECTOR = YES;
				GCC_WARN_UNINITIALIZED_AUTOS = YES_AGGRESSIVE;
				GCC_WARN_UNUSED_FUNCTION = YES;
				GCC_WARN_UNUSED_VARIABLE = YES;
				IPHONEOS_DEPLOYMENT_TARGET = 7.1;
				ONLY_ACTIVE_ARCH = YES;
				SDKROOT = iphoneos;
			};
			name = Debug;
		};
		2CDD5BC619AB952900E3B8FF /* Release */ = {
			isa = XCBuildConfiguration;
			buildSettings = {
				ALWAYS_SEARCH_USER_PATHS = NO;
				CLANG_CXX_LANGUAGE_STANDARD = "gnu++0x";
				CLANG_CXX_LIBRARY = "libc++";
				CLANG_ENABLE_MODULES = YES;
				CLANG_ENABLE_OBJC_ARC = YES;
				CLANG_WARN_BOOL_CONVERSION = YES;
				CLANG_WARN_CONSTANT_CONVERSION = YES;
				CLANG_WARN_DIRECT_OBJC_ISA_USAGE = YES_ERROR;
				CLANG_WARN_EMPTY_BODY = YES;
				CLANG_WARN_ENUM_CONVERSION = YES;
				CLANG_WARN_INT_CONVERSION = YES;
				CLANG_WARN_OBJC_ROOT_CLASS = YES_ERROR;
				CLANG_WARN__DUPLICATE_METHOD_MATCH = YES;
				"CODE_SIGN_IDENTITY[sdk=iphoneos*]" = "iPhone Developer";
				COPY_PHASE_STRIP = YES;
				ENABLE_NS_ASSERTIONS = NO;
				GCC_C_LANGUAGE_STANDARD = gnu99;
				GCC_WARN_64_TO_32_BIT_CONVERSION = YES;
				GCC_WARN_ABOUT_RETURN_TYPE = YES_ERROR;
				GCC_WARN_UNDECLARED_SELECTOR = YES;
				GCC_WARN_UNINITIALIZED_AUTOS = YES_AGGRESSIVE;
				GCC_WARN_UNUSED_FUNCTION = YES;
				GCC_WARN_UNUSED_VARIABLE = YES;
				IPHONEOS_DEPLOYMENT_TARGET = 7.1;
				SDKROOT = iphoneos;
				VALIDATE_PRODUCT = YES;
			};
			name = Release;
		};
		2CDD5BC819AB952900E3B8FF /* Debug */ = {
			isa = XCBuildConfiguration;
			buildSettings = {
				ASSETCATALOG_COMPILER_APPICON_NAME = AppIcon;
				ASSETCATALOG_COMPILER_LAUNCHIMAGE_NAME = LaunchImage;
				GCC_PRECOMPILE_PREFIX_HEADER = YES;
				GCC_PREFIX_HEADER = "AdoptAFriend/AdoptAFriend-Prefix.pch";
				INFOPLIST_FILE = "AdoptAFriend/AdoptAFriend-Info.plist";
				PRODUCT_NAME = "$(TARGET_NAME)";
				WRAPPER_EXTENSION = app;
			};
			name = Debug;
		};
		2CDD5BC919AB952900E3B8FF /* Release */ = {
			isa = XCBuildConfiguration;
			buildSettings = {
				ASSETCATALOG_COMPILER_APPICON_NAME = AppIcon;
				ASSETCATALOG_COMPILER_LAUNCHIMAGE_NAME = LaunchImage;
				GCC_PRECOMPILE_PREFIX_HEADER = YES;
				GCC_PREFIX_HEADER = "AdoptAFriend/AdoptAFriend-Prefix.pch";
				INFOPLIST_FILE = "AdoptAFriend/AdoptAFriend-Info.plist";
				PRODUCT_NAME = "$(TARGET_NAME)";
				WRAPPER_EXTENSION = app;
			};
			name = Release;
		};
		2CDD5BCB19AB952900E3B8FF /* Debug */ = {
			isa = XCBuildConfiguration;
			buildSettings = {
				BUNDLE_LOADER = "$(BUILT_PRODUCTS_DIR)/AdoptAFriend.app/AdoptAFriend";
				FRAMEWORK_SEARCH_PATHS = (
					"$(SDKROOT)/Developer/Library/Frameworks",
					"$(inherited)",
					"$(DEVELOPER_FRAMEWORKS_DIR)",
				);
				GCC_PRECOMPILE_PREFIX_HEADER = YES;
				GCC_PREFIX_HEADER = "AdoptAFriend/AdoptAFriend-Prefix.pch";
				GCC_PREPROCESSOR_DEFINITIONS = (
					"DEBUG=1",
					"$(inherited)",
				);
				INFOPLIST_FILE = "AdoptAFriendTests/AdoptAFriendTests-Info.plist";
				PRODUCT_NAME = "$(TARGET_NAME)";
				TEST_HOST = "$(BUNDLE_LOADER)";
				WRAPPER_EXTENSION = xctest;
			};
			name = Debug;
		};
		2CDD5BCC19AB952900E3B8FF /* Release */ = {
			isa = XCBuildConfiguration;
			buildSettings = {
				BUNDLE_LOADER = "$(BUILT_PRODUCTS_DIR)/AdoptAFriend.app/AdoptAFriend";
				FRAMEWORK_SEARCH_PATHS = (
					"$(SDKROOT)/Developer/Library/Frameworks",
					"$(inherited)",
					"$(DEVELOPER_FRAMEWORKS_DIR)",
				);
				GCC_PRECOMPILE_PREFIX_HEADER = YES;
				GCC_PREFIX_HEADER = "AdoptAFriend/AdoptAFriend-Prefix.pch";
				INFOPLIST_FILE = "AdoptAFriendTests/AdoptAFriendTests-Info.plist";
				PRODUCT_NAME = "$(TARGET_NAME)";
				TEST_HOST = "$(BUNDLE_LOADER)";
				WRAPPER_EXTENSION = xctest;
			};
			name = Release;
		};
/* End XCBuildConfiguration section */

/* Begin XCConfigurationList section */
		2CDD5B9619AB952900E3B8FF /* Build configuration list for PBXProject "AdoptAFriend" */ = {
			isa = XCConfigurationList;
			buildConfigurations = (
				2CDD5BC519AB952900E3B8FF /* Debug */,
				2CDD5BC619AB952900E3B8FF /* Release */,
			);
			defaultConfigurationIsVisible = 0;
			defaultConfigurationName = Release;
		};
		2CDD5BC719AB952900E3B8FF /* Build configuration list for PBXNativeTarget "AdoptAFriend" */ = {
			isa = XCConfigurationList;
			buildConfigurations = (
				2CDD5BC819AB952900E3B8FF /* Debug */,
				2CDD5BC919AB952900E3B8FF /* Release */,
			);
			defaultConfigurationIsVisible = 0;
		};
		2CDD5BCA19AB952900E3B8FF /* Build configuration list for PBXNativeTarget "AdoptAFriendTests" */ = {
			isa = XCConfigurationList;
			buildConfigurations = (
				2CDD5BCB19AB952900E3B8FF /* Debug */,
				2CDD5BCC19AB952900E3B8FF /* Release */,
			);
			defaultConfigurationIsVisible = 0;
		};
/* End XCConfigurationList section */
	};
	rootObject = 2CDD5B9319AB952900E3B8FF /* Project object */;
}
